
Microsoft Visual Studio Solution File, Format Version 12.00
# Visual Studio 14
VisualStudioVersion = 14.0.25420.1
MinimumVisualStudioVersion = 10.0.40219.1
Project("{8BC9CEB8-8B4A-11D0-8D11-00A0C91BC942}") = "OpenZWaveDotNet", "OpenZWave\OpenZWaveDotNet.vcxproj", "{0DD42424-B4AB-45C3-897C-774D1C5917C3}"
	ProjectSection(ProjectDependencies) = postProject
		{497F9828-DEC2-4C80-B9E0-AD066CCB587C} = {497F9828-DEC2-4C80-B9E0-AD066CCB587C}
	EndProjectSection
EndProject
Project("{8BC9CEB8-8B4A-11D0-8D11-00A0C91BC942}") = "OpenZWave", "..\open-zwave\cpp\build\windows\vs2010\OpenZWave.vcxproj", "{497F9828-DEC2-4C80-B9E0-AD066CCB587C}"
EndProject
Project("{2150E333-8FDC-42A3-9474-1A3956D46DE8}") = "Samples", "Samples", "{9690A88A-6D09-4037-B34A-F49E7F3786CA}"
EndProject
Project("{FAE04EC0-301F-11D3-BF4B-00C04F79EFBC}") = "OZWDotNet", "..\Samples\DotNet\OZWDotNet\OZWDotNet.csproj", "{DF2FF0E9-4A18-42EC-BB5B-A73E742F26F0}"
EndProject
Project("{FAE04EC0-301F-11D3-BF4B-00C04F79EFBC}") = "OZWForm", "..\Samples\DotNet\OZWForm\OZWForm.csproj", "{3A782BF0-5863-4500-A03F-51B2BD25EF2A}"
EndProject
Global
	GlobalSection(SolutionConfigurationPlatforms) = preSolution
		Debug|Any CPU = Debug|Any CPU
		Debug|x64 = Debug|x64
		Debug|x86 = Debug|x86
		DebugDLL|Any CPU = DebugDLL|Any CPU
		DebugDLL|x64 = DebugDLL|x64
		DebugDLL|x86 = DebugDLL|x86
		Release|Any CPU = Release|Any CPU
		Release|x64 = Release|x64
		Release|x86 = Release|x86
		ReleaseDLL|Any CPU = ReleaseDLL|Any CPU
		ReleaseDLL|x64 = ReleaseDLL|x64
		ReleaseDLL|x86 = ReleaseDLL|x86
	EndGlobalSection
	GlobalSection(ProjectConfigurationPlatforms) = postSolution
		{0DD42424-B4AB-45C3-897C-774D1C5917C3}.Debug|Any CPU.ActiveCfg = Debug|Win32
		{0DD42424-B4AB-45C3-897C-774D1C5917C3}.Debug|x64.ActiveCfg = Debug|Win32
		{0DD42424-B4AB-45C3-897C-774D1C5917C3}.Debug|x86.ActiveCfg = Debug|Win32
		{0DD42424-B4AB-45C3-897C-774D1C5917C3}.Debug|x86.Build.0 = Debug|Win32
		{0DD42424-B4AB-45C3-897C-774D1C5917C3}.DebugDLL|Any CPU.ActiveCfg = Release|Win32
		{0DD42424-B4AB-45C3-897C-774D1C5917C3}.DebugDLL|Any CPU.Build.0 = Release|Win32
		{0DD42424-B4AB-45C3-897C-774D1C5917C3}.DebugDLL|x64.ActiveCfg = Release|Win32
		{0DD42424-B4AB-45C3-897C-774D1C5917C3}.DebugDLL|x64.Build.0 = Release|Win32
		{0DD42424-B4AB-45C3-897C-774D1C5917C3}.DebugDLL|x86.ActiveCfg = Debug|Win32
		{0DD42424-B4AB-45C3-897C-774D1C5917C3}.DebugDLL|x86.Build.0 = Debug|Win32
		{0DD42424-B4AB-45C3-897C-774D1C5917C3}.Release|Any CPU.ActiveCfg = Release|Win32
		{0DD42424-B4AB-45C3-897C-774D1C5917C3}.Release|x64.ActiveCfg = Release|Win32
		{0DD42424-B4AB-45C3-897C-774D1C5917C3}.Release|x86.ActiveCfg = Release|Win32
		{0DD42424-B4AB-45C3-897C-774D1C5917C3}.Release|x86.Build.0 = Release|Win32
		{0DD42424-B4AB-45C3-897C-774D1C5917C3}.ReleaseDLL|Any CPU.ActiveCfg = Release|Win32
		{0DD42424-B4AB-45C3-897C-774D1C5917C3}.ReleaseDLL|Any CPU.Build.0 = Release|Win32
		{0DD42424-B4AB-45C3-897C-774D1C5917C3}.ReleaseDLL|x64.ActiveCfg = Release|Win32
		{0DD42424-B4AB-45C3-897C-774D1C5917C3}.ReleaseDLL|x64.Build.0 = Release|Win32
		{0DD42424-B4AB-45C3-897C-774D1C5917C3}.ReleaseDLL|x86.ActiveCfg = Release|Win32
		{0DD42424-B4AB-45C3-897C-774D1C5917C3}.ReleaseDLL|x86.Build.0 = Release|Win32
		{497F9828-DEC2-4C80-B9E0-AD066CCB587C}.Debug|Any CPU.ActiveCfg = Debug|Win32
		{497F9828-DEC2-4C80-B9E0-AD066CCB587C}.Debug|x64.ActiveCfg = Debug|Win32
		{497F9828-DEC2-4C80-B9E0-AD066CCB587C}.Debug|x86.ActiveCfg = Debug|Win32
		{497F9828-DEC2-4C80-B9E0-AD066CCB587C}.Debug|x86.Build.0 = Debug|Win32
		{497F9828-DEC2-4C80-B9E0-AD066CCB587C}.DebugDLL|Any CPU.ActiveCfg = DebugDLL|Win32
		{497F9828-DEC2-4C80-B9E0-AD066CCB587C}.DebugDLL|x64.ActiveCfg = DebugDLL|Win32
		{497F9828-DEC2-4C80-B9E0-AD066CCB587C}.DebugDLL|x86.ActiveCfg = DebugDLL|Win32
		{497F9828-DEC2-4C80-B9E0-AD066CCB587C}.DebugDLL|x86.Build.0 = DebugDLL|Win32
		{497F9828-DEC2-4C80-B9E0-AD066CCB587C}.Release|Any CPU.ActiveCfg = Release|Win32
		{497F9828-DEC2-4C80-B9E0-AD066CCB587C}.Release|x64.ActiveCfg = Release|Win32
		{497F9828-DEC2-4C80-B9E0-AD066CCB587C}.Release|x86.ActiveCfg = Release|Win32
		{497F9828-DEC2-4C80-B9E0-AD066CCB587C}.Release|x86.Build.0 = Release|Win32
		{497F9828-DEC2-4C80-B9E0-AD066CCB587C}.ReleaseDLL|Any CPU.ActiveCfg = ReleaseDLL|Win32
		{497F9828-DEC2-4C80-B9E0-AD066CCB587C}.ReleaseDLL|x64.ActiveCfg = ReleaseDLL|Win32
		{497F9828-DEC2-4C80-B9E0-AD066CCB587C}.ReleaseDLL|x86.ActiveCfg = ReleaseDLL|Win32
		{497F9828-DEC2-4C80-B9E0-AD066CCB587C}.ReleaseDLL|x86.Build.0 = ReleaseDLL|Win32
		{DF2FF0E9-4A18-42EC-BB5B-A73E742F26F0}.Debug|Any CPU.ActiveCfg = Debug|x86
		{DF2FF0E9-4A18-42EC-BB5B-A73E742F26F0}.Debug|x64.ActiveCfg = Debug|x86
		{DF2FF0E9-4A18-42EC-BB5B-A73E742F26F0}.Debug|x86.ActiveCfg = Debug|x86
		{DF2FF0E9-4A18-42EC-BB5B-A73E742F26F0}.Debug|x86.Build.0 = Debug|x86
		{DF2FF0E9-4A18-42EC-BB5B-A73E742F26F0}.DebugDLL|Any CPU.ActiveCfg = Release|x86
		{DF2FF0E9-4A18-42EC-BB5B-A73E742F26F0}.DebugDLL|Any CPU.Build.0 = Release|x86
		{DF2FF0E9-4A18-42EC-BB5B-A73E742F26F0}.DebugDLL|x64.ActiveCfg = Release|x86
		{DF2FF0E9-4A18-42EC-BB5B-A73E742F26F0}.DebugDLL|x64.Build.0 = Release|x86
		{DF2FF0E9-4A18-42EC-BB5B-A73E742F26F0}.DebugDLL|x86.ActiveCfg = Debug|x86
		{DF2FF0E9-4A18-42EC-BB5B-A73E742F26F0}.DebugDLL|x86.Build.0 = Debug|x86
		{DF2FF0E9-4A18-42EC-BB5B-A73E742F26F0}.Release|Any CPU.ActiveCfg = Release|x86
		{DF2FF0E9-4A18-42EC-BB5B-A73E742F26F0}.Release|x64.ActiveCfg = Release|x86
		{DF2FF0E9-4A18-42EC-BB5B-A73E742F26F0}.Release|x86.ActiveCfg = Release|x86
		{DF2FF0E9-4A18-42EC-BB5B-A73E742F26F0}.Release|x86.Build.0 = Release|x86
		{DF2FF0E9-4A18-42EC-BB5B-A73E742F26F0}.ReleaseDLL|Any CPU.ActiveCfg = Release|x86
		{DF2FF0E9-4A18-42EC-BB5B-A73E742F26F0}.ReleaseDLL|Any CPU.Build.0 = Release|x86
		{DF2FF0E9-4A18-42EC-BB5B-A73E742F26F0}.ReleaseDLL|x64.ActiveCfg = Release|x86
		{DF2FF0E9-4A18-42EC-BB5B-A73E742F26F0}.ReleaseDLL|x64.Build.0 = Release|x86
		{DF2FF0E9-4A18-42EC-BB5B-A73E742F26F0}.ReleaseDLL|x86.ActiveCfg = Release|x86
		{DF2FF0E9-4A18-42EC-BB5B-A73E742F26F0}.ReleaseDLL|x86.Build.0 = Release|x86
		{3A782BF0-5863-4500-A03F-51B2BD25EF2A}.Debug|Any CPU.ActiveCfg = Debug|x86
		{3A782BF0-5863-4500-A03F-51B2BD25EF2A}.Debug|x64.ActiveCfg = Debug|x86
		{3A782BF0-5863-4500-A03F-51B2BD25EF2A}.Debug|x86.ActiveCfg = Debug|x86
		{3A782BF0-5863-4500-A03F-51B2BD25EF2A}.Debug|x86.Build.0 = Debug|x86
		{3A782BF0-5863-4500-A03F-51B2BD25EF2A}.DebugDLL|Any CPU.ActiveCfg = Release|x86
		{3A782BF0-5863-4500-A03F-51B2BD25EF2A}.DebugDLL|Any CPU.Build.0 = Release|x86
		{3A782BF0-5863-4500-A03F-51B2BD25EF2A}.DebugDLL|x64.ActiveCfg = Release|x86
		{3A782BF0-5863-4500-A03F-51B2BD25EF2A}.DebugDLL|x64.Build.0 = Release|x86
		{3A782BF0-5863-4500-A03F-51B2BD25EF2A}.DebugDLL|x86.ActiveCfg = Debug|x86
		{3A782BF0-5863-4500-A03F-51B2BD25EF2A}.DebugDLL|x86.Build.0 = Debug|x86
		{3A782BF0-5863-4500-A03F-51B2BD25EF2A}.Release|Any CPU.ActiveCfg = Release|x86
		{3A782BF0-5863-4500-A03F-51B2BD25EF2A}.Release|x64.ActiveCfg = Release|x86
		{3A782BF0-5863-4500-A03F-51B2BD25EF2A}.Release|x86.ActiveCfg = Release|x86
		{3A782BF0-5863-4500-A03F-51B2BD25EF2A}.Release|x86.Build.0 = Release|x86
		{3A782BF0-5863-4500-A03F-51B2BD25EF2A}.ReleaseDLL|Any CPU.ActiveCfg = Release|x86
		{3A782BF0-5863-4500-A03F-51B2BD25EF2A}.ReleaseDLL|Any CPU.Build.0 = Release|x86
		{3A782BF0-5863-4500-A03F-51B2BD25EF2A}.ReleaseDLL|x64.ActiveCfg = Release|x86
		{3A782BF0-5863-4500-A03F-51B2BD25EF2A}.ReleaseDLL|x64.Build.0 = Release|x86
		{3A782BF0-5863-4500-A03F-51B2BD25EF2A}.ReleaseDLL|x86.ActiveCfg = Release|x86
		{3A782BF0-5863-4500-A03F-51B2BD25EF2A}.ReleaseDLL|x86.Build.0 = Release|x86
	EndGlobalSection
	GlobalSection(SolutionProperties) = preSolution
		HideSolutionNode = FALSE
	EndGlobalSection
	GlobalSection(NestedProjects) = preSolution
		{DF2FF0E9-4A18-42EC-BB5B-A73E742F26F0} = {9690A88A-6D09-4037-B34A-F49E7F3786CA}
		{3A782BF0-5863-4500-A03F-51B2BD25EF2A} = {9690A88A-6D09-4037-B34A-F49E7F3786CA}
	EndGlobalSection
EndGlobal
